
Microsoft Visual Studio Solution File, Format Version 12.00
# Visual Studio Version 17
VisualStudioVersion = 17.4.33110.190
MinimumVisualStudioVersion = 10.0.40219.1
Project("{9A19103F-16F7-4668-BE54-9A1E7A4F7556}") = "Real_Estate_Laba", "Real_Estate_Laba\Real_Estate_Laba.csproj", "{BB030C0B-0F0D-475D-BA7A-C23CE02D56C7}"
EndProject
Project("{FAE04EC0-301F-11D3-BF4B-00C04F79EFBC}") = "Selenium_Test", "Selenium_Test\Selenium_Test.csproj", "{BB21F619-7FC3-4944-A49E-4B156A1D8D42}"
EndProject
Global
	GlobalSection(SolutionConfigurationPlatforms) = preSolution
		Debug|Any CPU = Debug|Any CPU
		Release|Any CPU = Release|Any CPU
	EndGlobalSection
	GlobalSection(ProjectConfigurationPlatforms) = postSolution
		{BB030C0B-0F0D-475D-BA7A-C23CE02D56C7}.Debug|Any CPU.ActiveCfg = Debug|Any CPU
		{BB030C0B-0F0D-475D-BA7A-C23CE02D56C7}.Debug|Any CPU.Build.0 = Debug|Any CPU
		{BB030C0B-0F0D-475D-BA7A-C23CE02D56C7}.Release|Any CPU.ActiveCfg = Release|Any CPU
		{BB030C0B-0F0D-475D-BA7A-C23CE02D56C7}.Release|Any CPU.Build.0 = Release|Any CPU
		{BB21F619-7FC3-4944-A49E-4B156A1D8D42}.Debug|Any CPU.ActiveCfg = Debug|Any CPU
		{BB21F619-7FC3-4944-A49E-4B156A1D8D42}.Debug|Any CPU.Build.0 = Debug|Any CPU
		{BB21F619-7FC3-4944-A49E-4B156A1D8D42}.Release|Any CPU.ActiveCfg = Release|Any CPU
		{BB21F619-7FC3-4944-A49E-4B156A1D8D42}.Release|Any CPU.Build.0 = Release|Any CPU
	EndGlobalSection
	GlobalSection(SolutionProperties) = preSolution
		HideSolutionNode = FALSE
	EndGlobalSection
	GlobalSection(ExtensibilityGlobals) = postSolution
		SolutionGuid = {55579BBA-C307-43D9-BBAF-7A32AB6FCE2D}
	EndGlobalSection
EndGlobal
